<?xml version="1.0" encoding="utf-8"?>
<Project ToolsVersion="4.0" xmlns="http://schemas.microsoft.com/developer/msbuild/2003">
  <ItemGroup>
    <Filter Include="Source">
      <UniqueIdentifier>{70394521-2a31-4eac-8b41-bcaaa642eaa4}</UniqueIdentifier>
    </Filter>
  </ItemGroup>
  <ItemGroup>
    <ClCompile Include="Main.cpp">
      <Filter>Source</Filter>
    </ClCompile>
    <ClCompile Include="MemFunctions.cpp">
      <Filter>Source</Filter>
    </ClCompile>
    <ClCompile Include="MonoLoader.cpp">
      <Filter>Source</Filter>
    </ClCompile>
    <ClCompile Include="HooksX64.cpp">
      <Filter>Source</Filter>
    </ClCompile>
    <ClCompile Include="HooksX86.cpp">
      <Filter>Source</Filter>
    </ClCompile>
  </ItemGroup>
  <ItemGroup>
    <ClInclude Include="HooksCommon.h">
      <Filter>Source</Filter>
    </ClInclude>
    <ClInclude Include="MemFunctions.h">
      <Filter>Source</Filter>
    </ClInclude>
    <ClInclude Include="MonoLoader.h">
      <Filter>Source</Filter>
    </ClInclude>
  </ItemGroup>
  <ItemGroup>
    <MASM Include="HooksX64ASM.asm">
      <Filter>Source</Filter>
    </MASM>
  </ItemGroup>
</Project>